
Microsoft Visual Studio Solution File, Format Version 12.00
# Visual Studio Version 16
VisualStudioVersion = 16.0.31129.286
MinimumVisualStudioVersion = 10.0.40219.1
Project("{9A19103F-16F7-4668-BE54-9A1E7A4F7556}") = "GUI", "GUI\GUI.csproj", "{0551A9BD-3A3E-4B74-992E-46A7213C1A77}"
EndProject
Project("{9A19103F-16F7-4668-BE54-9A1E7A4F7556}") = "DAL", "DAL\DAL.csproj", "{64EE8963-CFA3-4C9E-B21D-FAF6E4CD0CA3}"
EndProject
Project("{9A19103F-16F7-4668-BE54-9A1E7A4F7556}") = "Modelos", "Modelos\Modelos.csproj", "{11F7652A-24A9-4DD4-B5B4-B1406830D98F}"
EndProject
Project("{9A19103F-16F7-4668-BE54-9A1E7A4F7556}") = "testeCID", "testeCliente\testeCID.csproj", "{E5682968-985C-4BAD-A4E0-2F9CCA3D1683}"
EndProject
Global
	GlobalSection(SolutionConfigurationPlatforms) = preSolution
		Debug|Any CPU = Debug|Any CPU
		Release|Any CPU = Release|Any CPU
	EndGlobalSection
	GlobalSection(ProjectConfigurationPlatforms) = postSolution
		{0551A9BD-3A3E-4B74-992E-46A7213C1A77}.Debug|Any CPU.ActiveCfg = Debug|Any CPU
		{0551A9BD-3A3E-4B74-992E-46A7213C1A77}.Debug|Any CPU.Build.0 = Debug|Any CPU
		{0551A9BD-3A3E-4B74-992E-46A7213C1A77}.Release|Any CPU.ActiveCfg = Release|Any CPU
		{0551A9BD-3A3E-4B74-992E-46A7213C1A77}.Release|Any CPU.Build.0 = Release|Any CPU
		{64EE8963-CFA3-4C9E-B21D-FAF6E4CD0CA3}.Debug|Any CPU.ActiveCfg = Debug|Any CPU
		{64EE8963-CFA3-4C9E-B21D-FAF6E4CD0CA3}.Debug|Any CPU.Build.0 = Debug|Any CPU
		{64EE8963-CFA3-4C9E-B21D-FAF6E4CD0CA3}.Release|Any CPU.ActiveCfg = Release|Any CPU
		{64EE8963-CFA3-4C9E-B21D-FAF6E4CD0CA3}.Release|Any CPU.Build.0 = Release|Any CPU
		{11F7652A-24A9-4DD4-B5B4-B1406830D98F}.Debug|Any CPU.ActiveCfg = Debug|Any CPU
		{11F7652A-24A9-4DD4-B5B4-B1406830D98F}.Debug|Any CPU.Build.0 = Debug|Any CPU
		{11F7652A-24A9-4DD4-B5B4-B1406830D98F}.Release|Any CPU.ActiveCfg = Release|Any CPU
		{11F7652A-24A9-4DD4-B5B4-B1406830D98F}.Release|Any CPU.Build.0 = Release|Any CPU
		{E5682968-985C-4BAD-A4E0-2F9CCA3D1683}.Debug|Any CPU.ActiveCfg = Debug|Any CPU
		{E5682968-985C-4BAD-A4E0-2F9CCA3D1683}.Debug|Any CPU.Build.0 = Debug|Any CPU
		{E5682968-985C-4BAD-A4E0-2F9CCA3D1683}.Release|Any CPU.ActiveCfg = Release|Any CPU
		{E5682968-985C-4BAD-A4E0-2F9CCA3D1683}.Release|Any CPU.Build.0 = Release|Any CPU
	EndGlobalSection
	GlobalSection(SolutionProperties) = preSolution
		HideSolutionNode = FALSE
	EndGlobalSection
	GlobalSection(ExtensibilityGlobals) = postSolution
		SolutionGuid = {817CF6A8-9E30-4164-887F-11634ACCED0D}
	EndGlobalSection
EndGlobal
